
Microsoft Visual Studio Solution File, Format Version 12.00
# Visual Studio Version 17
VisualStudioVersion = 17.0.31903.59
MinimumVisualStudioVersion = 10.0.40219.1
Project("{2150E333-8FDC-42A3-9474-1A3956D46DE8}") = "shared", "shared", "{4F52FD11-658E-A102-6CD3-7D7C16FFA15B}"
EndProject
Project("{FAE04EC0-301F-11D3-BF4B-00C04F79EFBC}") = "Palimpseste.Contracts", "shared\Palimpseste.Contracts\Palimpseste.Contracts.csproj", "{8432F770-D9AC-4786-A59C-E3D462729F80}"
EndProject
Project("{FAE04EC0-301F-11D3-BF4B-00C04F79EFBC}") = "Palimpseste.Core", "shared\Palimpseste.Core\Palimpseste.Core.csproj", "{235CB57C-53C9-4ABA-B3AF-808095473319}"
EndProject
Project("{2150E333-8FDC-42A3-9474-1A3956D46DE8}") = "backend", "backend", "{1AE8ACA6-933B-BF2A-3671-3E2EAC007D16}"
EndProject
Project("{FAE04EC0-301F-11D3-BF4B-00C04F79EFBC}") = "Palimpseste.Storage", "backend\Palimpseste.Storage\Palimpseste.Storage.csproj", "{50B50B30-3D07-4694-85E6-293D2A4BE8F1}"
EndProject
Project("{FAE04EC0-301F-11D3-BF4B-00C04F79EFBC}") = "Palimpseste.Provider", "backend\Palimpseste.Provider\Palimpseste.Provider.csproj", "{C3545224-7DD0-46CC-8F1C-95A521D9895D}"
EndProject
Project("{FAE04EC0-301F-11D3-BF4B-00C04F79EFBC}") = "ProviderDoctor", "backend\ProviderDoctor\ProviderDoctor.csproj", "{641E5070-5055-4C3E-962E-BD789DBDA047}"
EndProject
Project("{FAE04EC0-301F-11D3-BF4B-00C04F79EFBC}") = "Palimpseste.Worker", "backend\Palimpseste.Worker\Palimpseste.Worker.csproj", "{B9DAB3E5-D795-4FE2-9940-C08EAA0922EF}"
EndProject
Project("{FAE04EC0-301F-11D3-BF4B-00C04F79EFBC}") = "Palimpseste.Api", "backend\Palimpseste.Api\Palimpseste.Api.csproj", "{C7ADC5A4-8602-43D7-8781-2A283998A6FF}"
EndProject
Project("{2150E333-8FDC-42A3-9474-1A3956D46DE8}") = "tests", "tests", "{0AB3BF05-4346-4AA6-1389-037BE0695223}"
EndProject
Project("{FAE04EC0-301F-11D3-BF4B-00C04F79EFBC}") = "Palimpseste.Core.Smoke", "tests\Palimpseste.Core.Smoke\Palimpseste.Core.Smoke.csproj", "{883EC4C2-4753-4629-AA82-06161F4C513C}"
EndProject
Project("{FAE04EC0-301F-11D3-BF4B-00C04F79EFBC}") = "Palimpseste.Worker.DbSmoke", "tests\Palimpseste.Worker.DbSmoke\Palimpseste.Worker.DbSmoke.csproj", "{C9D67A51-BE1B-4806-9496-6E1058BA2F14}"
EndProject
Project("{FAE04EC0-301F-11D3-BF4B-00C04F79EFBC}") = "Palimpseste.Provider.Security", "tests\Palimpseste.Provider.Security\Palimpseste.Provider.Security.csproj", "{5BB4F0DC-49B2-4DB8-84D3-2D1F15FED7E1}"
EndProject
Global
	GlobalSection(SolutionConfigurationPlatforms) = preSolution
		Debug|Any CPU = Debug|Any CPU
		Debug|x64 = Debug|x64
		Debug|x86 = Debug|x86
		Release|Any CPU = Release|Any CPU
		Release|x64 = Release|x64
		Release|x86 = Release|x86
	EndGlobalSection
	GlobalSection(ProjectConfigurationPlatforms) = postSolution
		{8432F770-D9AC-4786-A59C-E3D462729F80}.Debug|Any CPU.ActiveCfg = Debug|Any CPU
		{8432F770-D9AC-4786-A59C-E3D462729F80}.Debug|Any CPU.Build.0 = Debug|Any CPU
		{8432F770-D9AC-4786-A59C-E3D462729F80}.Debug|x64.ActiveCfg = Debug|Any CPU
		{8432F770-D9AC-4786-A59C-E3D462729F80}.Debug|x64.Build.0 = Debug|Any CPU
		{8432F770-D9AC-4786-A59C-E3D462729F80}.Debug|x86.ActiveCfg = Debug|Any CPU
		{8432F770-D9AC-4786-A59C-E3D462729F80}.Debug|x86.Build.0 = Debug|Any CPU
		{8432F770-D9AC-4786-A59C-E3D462729F80}.Release|Any CPU.ActiveCfg = Release|Any CPU
		{8432F770-D9AC-4786-A59C-E3D462729F80}.Release|Any CPU.Build.0 = Release|Any CPU
		{8432F770-D9AC-4786-A59C-E3D462729F80}.Release|x64.ActiveCfg = Release|Any CPU
		{8432F770-D9AC-4786-A59C-E3D462729F80}.Release|x64.Build.0 = Release|Any CPU
		{8432F770-D9AC-4786-A59C-E3D462729F80}.Release|x86.ActiveCfg = Release|Any CPU
		{8432F770-D9AC-4786-A59C-E3D462729F80}.Release|x86.Build.0 = Release|Any CPU
		{235CB57C-53C9-4ABA-B3AF-808095473319}.Debug|Any CPU.ActiveCfg = Debug|Any CPU
		{235CB57C-53C9-4ABA-B3AF-808095473319}.Debug|Any CPU.Build.0 = Debug|Any CPU
		{235CB57C-53C9-4ABA-B3AF-808095473319}.Debug|x64.ActiveCfg = Debug|Any CPU
		{235CB57C-53C9-4ABA-B3AF-808095473319}.Debug|x64.Build.0 = Debug|Any CPU
		{235CB57C-53C9-4ABA-B3AF-808095473319}.Debug|x86.ActiveCfg = Debug|Any CPU
		{235CB57C-53C9-4ABA-B3AF-808095473319}.Debug|x86.Build.0 = Debug|Any CPU
		{235CB57C-53C9-4ABA-B3AF-808095473319}.Release|Any CPU.ActiveCfg = Release|Any CPU
		{235CB57C-53C9-4ABA-B3AF-808095473319}.Release|Any CPU.Build.0 = Release|Any CPU
		{235CB57C-53C9-4ABA-B3AF-808095473319}.Release|x64.ActiveCfg = Release|Any CPU
		{235CB57C-53C9-4ABA-B3AF-808095473319}.Release|x64.Build.0 = Release|Any CPU
		{235CB57C-53C9-4ABA-B3AF-808095473319}.Release|x86.ActiveCfg = Release|Any CPU
		{235CB57C-53C9-4ABA-B3AF-808095473319}.Release|x86.Build.0 = Release|Any CPU
		{50B50B30-3D07-4694-85E6-293D2A4BE8F1}.Debug|Any CPU.ActiveCfg = Debug|Any CPU
		{50B50B30-3D07-4694-85E6-293D2A4BE8F1}.Debug|Any CPU.Build.0 = Debug|Any CPU
		{50B50B30-3D07-4694-85E6-293D2A4BE8F1}.Debug|x64.ActiveCfg = Debug|Any CPU
		{50B50B30-3D07-4694-85E6-293D2A4BE8F1}.Debug|x64.Build.0 = Debug|Any CPU
		{50B50B30-3D07-4694-85E6-293D2A4BE8F1}.Debug|x86.ActiveCfg = Debug|Any CPU
		{50B50B30-3D07-4694-85E6-293D2A4BE8F1}.Debug|x86.Build.0 = Debug|Any CPU
		{50B50B30-3D07-4694-85E6-293D2A4BE8F1}.Release|Any CPU.ActiveCfg = Release|Any CPU
		{50B50B30-3D07-4694-85E6-293D2A4BE8F1}.Release|Any CPU.Build.0 = Release|Any CPU
		{50B50B30-3D07-4694-85E6-293D2A4BE8F1}.Release|x64.ActiveCfg = Release|Any CPU
		{50B50B30-3D07-4694-85E6-293D2A4BE8F1}.Release|x64.Build.0 = Release|Any CPU
		{50B50B30-3D07-4694-85E6-293D2A4BE8F1}.Release|x86.ActiveCfg = Release|Any CPU
		{50B50B30-3D07-4694-85E6-293D2A4BE8F1}.Release|x86.Build.0 = Release|Any CPU
		{C3545224-7DD0-46CC-8F1C-95A521D9895D}.Debug|Any CPU.ActiveCfg = Debug|Any CPU
		{C3545224-7DD0-46CC-8F1C-95A521D9895D}.Debug|Any CPU.Build.0 = Debug|Any CPU
		{C3545224-7DD0-46CC-8F1C-95A521D9895D}.Debug|x64.ActiveCfg = Debug|Any CPU
		{C3545224-7DD0-46CC-8F1C-95A521D9895D}.Debug|x64.Build.0 = Debug|Any CPU
		{C3545224-7DD0-46CC-8F1C-95A521D9895D}.Debug|x86.ActiveCfg = Debug|Any CPU
		{C3545224-7DD0-46CC-8F1C-95A521D9895D}.Debug|x86.Build.0 = Debug|Any CPU
		{C3545224-7DD0-46CC-8F1C-95A521D9895D}.Release|Any CPU.ActiveCfg = Release|Any CPU
		{C3545224-7DD0-46CC-8F1C-95A521D9895D}.Release|Any CPU.Build.0 = Release|Any CPU
		{C3545224-7DD0-46CC-8F1C-95A521D9895D}.Release|x64.ActiveCfg = Release|Any CPU
		{C3545224-7DD0-46CC-8F1C-95A521D9895D}.Release|x64.Build.0 = Release|Any CPU
		{C3545224-7DD0-46CC-8F1C-95A521D9895D}.Release|x86.ActiveCfg = Release|Any CPU
		{C3545224-7DD0-46CC-8F1C-95A521D9895D}.Release|x86.Build.0 = Release|Any CPU
		{641E5070-5055-4C3E-962E-BD789DBDA047}.Debug|Any CPU.ActiveCfg = Debug|Any CPU
		{641E5070-5055-4C3E-962E-BD789DBDA047}.Debug|Any CPU.Build.0 = Debug|Any CPU
		{641E5070-5055-4C3E-962E-BD789DBDA047}.Debug|x64.ActiveCfg = Debug|Any CPU
		{641E5070-5055-4C3E-962E-BD789DBDA047}.Debug|x64.Build.0 = Debug|Any CPU
		{641E5070-5055-4C3E-962E-BD789DBDA047}.Debug|x86.ActiveCfg = Debug|Any CPU
		{641E5070-5055-4C3E-962E-BD789DBDA047}.Debug|x86.Build.0 = Debug|Any CPU
		{641E5070-5055-4C3E-962E-BD789DBDA047}.Release|Any CPU.ActiveCfg = Release|Any CPU
		{641E5070-5055-4C3E-962E-BD789DBDA047}.Release|Any CPU.Build.0 = Release|Any CPU
		{641E5070-5055-4C3E-962E-BD789DBDA047}.Release|x64.ActiveCfg = Release|Any CPU
		{641E5070-5055-4C3E-962E-BD789DBDA047}.Release|x64.Build.0 = Release|Any CPU
		{641E5070-5055-4C3E-962E-BD789DBDA047}.Release|x86.ActiveCfg = Release|Any CPU
		{641E5070-5055-4C3E-962E-BD789DBDA047}.Release|x86.Build.0 = Release|Any CPU
		{B9DAB3E5-D795-4FE2-9940-C08EAA0922EF}.Debug|Any CPU.ActiveCfg = Debug|Any CPU
		{B9DAB3E5-D795-4FE2-9940-C08EAA0922EF}.Debug|Any CPU.Build.0 = Debug|Any CPU
		{B9DAB3E5-D795-4FE2-9940-C08EAA0922EF}.Debug|x64.ActiveCfg = Debug|Any CPU
		{B9DAB3E5-D795-4FE2-9940-C08EAA0922EF}.Debug|x64.Build.0 = Debug|Any CPU
		{B9DAB3E5-D795-4FE2-9940-C08EAA0922EF}.Debug|x86.ActiveCfg = Debug|Any CPU
		{B9DAB3E5-D795-4FE2-9940-C08EAA0922EF}.Debug|x86.Build.0 = Debug|Any CPU
		{B9DAB3E5-D795-4FE2-9940-C08EAA0922EF}.Release|Any CPU.ActiveCfg = Release|Any CPU
		{B9DAB3E5-D795-4FE2-9940-C08EAA0922EF}.Release|Any CPU.Build.0 = Release|Any CPU
		{B9DAB3E5-D795-4FE2-9940-C08EAA0922EF}.Release|x64.ActiveCfg = Release|Any CPU
		{B9DAB3E5-D795-4FE2-9940-C08EAA0922EF}.Release|x64.Build.0 = Release|Any CPU
		{B9DAB3E5-D795-4FE2-9940-C08EAA0922EF}.Release|x86.ActiveCfg = Release|Any CPU
		{B9DAB3E5-D795-4FE2-9940-C08EAA0922EF}.Release|x86.Build.0 = Release|Any CPU
		{C7ADC5A4-8602-43D7-8781-2A283998A6FF}.Debug|Any CPU.ActiveCfg = Debug|Any CPU
		{C7ADC5A4-8602-43D7-8781-2A283998A6FF}.Debug|Any CPU.Build.0 = Debug|Any CPU
		{C7ADC5A4-8602-43D7-8781-2A283998A6FF}.Debug|x64.ActiveCfg = Debug|Any CPU
		{C7ADC5A4-8602-43D7-8781-2A283998A6FF}.Debug|x64.Build.0 = Debug|Any CPU
		{C7ADC5A4-8602-43D7-8781-2A283998A6FF}.Debug|x86.ActiveCfg = Debug|Any CPU
		{C7ADC5A4-8602-43D7-8781-2A283998A6FF}.Debug|x86.Build.0 = Debug|Any CPU
		{C7ADC5A4-8602-43D7-8781-2A283998A6FF}.Release|Any CPU.ActiveCfg = Release|Any CPU
		{C7ADC5A4-8602-43D7-8781-2A283998A6FF}.Release|Any CPU.Build.0 = Release|Any CPU
		{C7ADC5A4-8602-43D7-8781-2A283998A6FF}.Release|x64.ActiveCfg = Release|Any CPU
		{C7ADC5A4-8602-43D7-8781-2A283998A6FF}.Release|x64.Build.0 = Release|Any CPU
		{C7ADC5A4-8602-43D7-8781-2A283998A6FF}.Release|x86.ActiveCfg = Release|Any CPU
		{C7ADC5A4-8602-43D7-8781-2A283998A6FF}.Release|x86.Build.0 = Release|Any CPU
		{883EC4C2-4753-4629-AA82-06161F4C513C}.Debug|Any CPU.ActiveCfg = Debug|Any CPU
		{883EC4C2-4753-4629-AA82-06161F4C513C}.Debug|Any CPU.Build.0 = Debug|Any CPU
		{883EC4C2-4753-4629-AA82-06161F4C513C}.Debug|x64.ActiveCfg = Debug|Any CPU
		{883EC4C2-4753-4629-AA82-06161F4C513C}.Debug|x64.Build.0 = Debug|Any CPU
		{883EC4C2-4753-4629-AA82-06161F4C513C}.Debug|x86.ActiveCfg = Debug|Any CPU
		{883EC4C2-4753-4629-AA82-06161F4C513C}.Debug|x86.Build.0 = Debug|Any CPU
		{883EC4C2-4753-4629-AA82-06161F4C513C}.Release|Any CPU.ActiveCfg = Release|Any CPU
		{883EC4C2-4753-4629-AA82-06161F4C513C}.Release|Any CPU.Build.0 = Release|Any CPU
		{883EC4C2-4753-4629-AA82-06161F4C513C}.Release|x64.ActiveCfg = Release|Any CPU
		{883EC4C2-4753-4629-AA82-06161F4C513C}.Release|x64.Build.0 = Release|Any CPU
		{883EC4C2-4753-4629-AA82-06161F4C513C}.Release|x86.ActiveCfg = Release|Any CPU
		{883EC4C2-4753-4629-AA82-06161F4C513C}.Release|x86.Build.0 = Release|Any CPU
		{C9D67A51-BE1B-4806-9496-6E1058BA2F14}.Debug|Any CPU.ActiveCfg = Debug|Any CPU
		{C9D67A51-BE1B-4806-9496-6E1058BA2F14}.Debug|Any CPU.Build.0 = Debug|Any CPU
		{C9D67A51-BE1B-4806-9496-6E1058BA2F14}.Debug|x64.ActiveCfg = Debug|Any CPU
		{C9D67A51-BE1B-4806-9496-6E1058BA2F14}.Debug|x64.Build.0 = Debug|Any CPU
		{C9D67A51-BE1B-4806-9496-6E1058BA2F14}.Debug|x86.ActiveCfg = Debug|Any CPU
		{C9D67A51-BE1B-4806-9496-6E1058BA2F14}.Debug|x86.Build.0 = Debug|Any CPU
		{C9D67A51-BE1B-4806-9496-6E1058BA2F14}.Release|Any CPU.ActiveCfg = Release|Any CPU
		{C9D67A51-BE1B-4806-9496-6E1058BA2F14}.Release|Any CPU.Build.0 = Release|Any CPU
		{C9D67A51-BE1B-4806-9496-6E1058BA2F14}.Release|x64.ActiveCfg = Release|Any CPU
		{C9D67A51-BE1B-4806-9496-6E1058BA2F14}.Release|x64.Build.0 = Release|Any CPU
		{C9D67A51-BE1B-4806-9496-6E1058BA2F14}.Release|x86.ActiveCfg = Release|Any CPU
		{C9D67A51-BE1B-4806-9496-6E1058BA2F14}.Release|x86.Build.0 = Release|Any CPU
		{5BB4F0DC-49B2-4DB8-84D3-2D1F15FED7E1}.Debug|Any CPU.ActiveCfg = Debug|Any CPU
		{5BB4F0DC-49B2-4DB8-84D3-2D1F15FED7E1}.Debug|Any CPU.Build.0 = Debug|Any CPU
		{5BB4F0DC-49B2-4DB8-84D3-2D1F15FED7E1}.Debug|x64.ActiveCfg = Debug|Any CPU
		{5BB4F0DC-49B2-4DB8-84D3-2D1F15FED7E1}.Debug|x64.Build.0 = Debug|Any CPU
		{5BB4F0DC-49B2-4DB8-84D3-2D1F15FED7E1}.Debug|x86.ActiveCfg = Debug|Any CPU
		{5BB4F0DC-49B2-4DB8-84D3-2D1F15FED7E1}.Debug|x86.Build.0 = Debug|Any CPU
		{5BB4F0DC-49B2-4DB8-84D3-2D1F15FED7E1}.Release|Any CPU.ActiveCfg = Release|Any CPU
		{5BB4F0DC-49B2-4DB8-84D3-2D1F15FED7E1}.Release|Any CPU.Build.0 = Release|Any CPU
		{5BB4F0DC-49B2-4DB8-84D3-2D1F15FED7E1}.Release|x64.ActiveCfg = Release|Any CPU
		{5BB4F0DC-49B2-4DB8-84D3-2D1F15FED7E1}.Release|x64.Build.0 = Release|Any CPU
		{5BB4F0DC-49B2-4DB8-84D3-2D1F15FED7E1}.Release|x86.ActiveCfg = Release|Any CPU
		{5BB4F0DC-49B2-4DB8-84D3-2D1F15FED7E1}.Release|x86.Build.0 = Release|Any CPU
	EndGlobalSection
	GlobalSection(SolutionProperties) = preSolution
		HideSolutionNode = FALSE
	EndGlobalSection
	GlobalSection(NestedProjects) = preSolution
		{8432F770-D9AC-4786-A59C-E3D462729F80} = {4F52FD11-658E-A102-6CD3-7D7C16FFA15B}
		{235CB57C-53C9-4ABA-B3AF-808095473319} = {4F52FD11-658E-A102-6CD3-7D7C16FFA15B}
		{50B50B30-3D07-4694-85E6-293D2A4BE8F1} = {1AE8ACA6-933B-BF2A-3671-3E2EAC007D16}
		{C3545224-7DD0-46CC-8F1C-95A521D9895D} = {1AE8ACA6-933B-BF2A-3671-3E2EAC007D16}
		{641E5070-5055-4C3E-962E-BD789DBDA047} = {1AE8ACA6-933B-BF2A-3671-3E2EAC007D16}
		{B9DAB3E5-D795-4FE2-9940-C08EAA0922EF} = {1AE8ACA6-933B-BF2A-3671-3E2EAC007D16}
		{C7ADC5A4-8602-43D7-8781-2A283998A6FF} = {1AE8ACA6-933B-BF2A-3671-3E2EAC007D16}
		{883EC4C2-4753-4629-AA82-06161F4C513C} = {0AB3BF05-4346-4AA6-1389-037BE0695223}
		{C9D67A51-BE1B-4806-9496-6E1058BA2F14} = {0AB3BF05-4346-4AA6-1389-037BE0695223}
		{5BB4F0DC-49B2-4DB8-84D3-2D1F15FED7E1} = {0AB3BF05-4346-4AA6-1389-037BE0695223}
	EndGlobalSection
EndGlobal
